hash: 9dfafc3cce281d5cd411d8d296e3eb0caf2adf91b6790e4079af96df094d5e0c
updated: 2017-04-10T10:04:30.754979636+02:00
imports:
- name: github.com/acsellers/inflections
  version: cb98bfe9e3ee28e8649778f5fbb2e95f54f71b39
- name: github.com/labstack/echo
  version: 948d607539e92f3974d8f24951c8975d7342e24a
- name: github.com/labstack/gommon
  version: 9cedb429ffbe71a32a3ae7c65fd109cb7ae07804
  subpackages:
  - color
  - log
- name: github.com/mattn/go-colorable
  version: d228849504861217f796da67fae4f6e347643f15
- name: github.com/mattn/go-isatty
  version: 3a115632dcd687f9c8cd01679c83a06a0e21c1f3
- name: github.com/tylerb/graceful
  version: 4654dfbb6ad53cb5e27f37d99b02e16c1872fbbb
- name: github.com/valyala/bytebufferpool
  version: e746df99fe4a3986f4d4f79e13c1e0117ce9c2f7
- name: github.com/valyala/fasttemplate
  version: d090d65668a286d9a180d43a19dfdc5dcad8fe88
- name: golang.org/x/crypto
  version: 2e74c773682f59dc50a56475f7918dd8fa6dcaf8
  subpackages:
  - acme
  - acme/autocert
- name: golang.org/x/net
  version: f2499483f923065a842d38eb4c7f1927e6fc6e6d
  subpackages:
  - context
  - context/ctxhttp
- name: golang.org/x/sys
  version: d75a52659825e75fff6158388dddc6a5b04f9ba5
  subpackages:
  - unix
testImports: []
